{
    "_readme": [
        "This file locks the dependencies of your project to a known state",
        "Read more about it at https://getcomposer.org/doc/01-basic-usage.md#installing-dependencies",
        "This file is @generated automatically"
    ],
    "content-hash": "e01d457c76646b1b6130883f8207cc1e",
    "packages": [
        {
            "name": "anlutro/curl",
            "version": "1.4.6",
            "source": {
                "type": "git",
                "url": "https://github.com/anlutro/php-curl.git",
                "reference": "da458fdd88bd132c83e7b9170c8cf1f6576fe96f"
            },
            "dist": {
                "type": "zip",
                "url": "https://api.github.com/repos/anlutro/php-curl/zipball/da458fdd88bd132c83e7b9170c8cf1f6576fe96f",
                "reference": "da458fdd88bd132c83e7b9170c8cf1f6576fe96f",
                "shasum": ""
            },
            "require": {
                "php": ">=5.3.0"
            },
            "require-dev": {
                "mockery/mockery": "0.9.*",
                "phpunit/phpunit": "4.*"
            },
            "type": "library",
            "autoload": {
                "psr-4": {
                    "anlutro\\cURL\\": "src/"
                }
            },
            "notification-url": "https://packagist.org/downloads/",
            "license": [
                "MIT"
            ],
            "authors": [
                {
                    "name": "Andreas Lutro",
                    "email": "anlutro@gmail.com"
                }
            ],
            "description": "Simple OOP cURL wrapper.",
            "time": "2018-11-19T22:45:22+00:00"
        }
    ],
    "packages-dev": [],
    "aliases": [],
    "minimum-stability": "dev",
    "stability-flags": [],
    "prefer-stable": true,
    "prefer-lowest": false,
    "platform": {
        "php": ">=5.4.0"
    },
    "platform-dev": []
}
